
Microsoft Visual Studio Solution File, Format Version 12.00
# Visual Studio Version 16
VisualStudioVersion = 16.0.31019.35
MinimumVisualStudioVersion = 10.0.40219.1
Project("{9A19103F-16F7-4668-BE54-9A1E7A4F7556}") = "CeQueVousNeSavezPasSur.CSharp", "CeQueVousNeSavezPasSur.CSharp\CeQueVousNeSavezPasSur.CSharp.csproj", "{4DD3A948-D706-4A3C-AC84-333BA734B640}"
EndProject
Project("{9A19103F-16F7-4668-BE54-9A1E7A4F7556}") = "CeQueVousNeSavezPasSur.CSharp.Tasks", "CeQueVousNeSavezPasSur.CSharp.Tasks\CeQueVousNeSavezPasSur.CSharp.Tasks.csproj", "{C8AE1DB7-1992-4744-A35A-88042BCA9ADC}"
EndProject
Project("{FAE04EC0-301F-11D3-BF4B-00C04F79EFBC}") = "CeQueVousNeSavezPasSur.CSharp.T4Templates", "CeQueVousNeSavezPasSur.CSharp.T4Templates\CeQueVousNeSavezPasSur.CSharp.T4Templates.csproj", "{7A7C3533-84CC-4488-8CCC-6AA9A889B15B}"
EndProject
Global
	GlobalSection(SolutionConfigurationPlatforms) = preSolution
		Debug|Any CPU = Debug|Any CPU
		Release|Any CPU = Release|Any CPU
	EndGlobalSection
	GlobalSection(ProjectConfigurationPlatforms) = postSolution
		{4DD3A948-D706-4A3C-AC84-333BA734B640}.Debug|Any CPU.ActiveCfg = Debug|Any CPU
		{4DD3A948-D706-4A3C-AC84-333BA734B640}.Debug|Any CPU.Build.0 = Debug|Any CPU
		{4DD3A948-D706-4A3C-AC84-333BA734B640}.Release|Any CPU.ActiveCfg = Release|Any CPU
		{4DD3A948-D706-4A3C-AC84-333BA734B640}.Release|Any CPU.Build.0 = Release|Any CPU
		{C8AE1DB7-1992-4744-A35A-88042BCA9ADC}.Debug|Any CPU.ActiveCfg = Debug|Any CPU
		{C8AE1DB7-1992-4744-A35A-88042BCA9ADC}.Debug|Any CPU.Build.0 = Debug|Any CPU
		{C8AE1DB7-1992-4744-A35A-88042BCA9ADC}.Release|Any CPU.ActiveCfg = Release|Any CPU
		{C8AE1DB7-1992-4744-A35A-88042BCA9ADC}.Release|Any CPU.Build.0 = Release|Any CPU
		{7A7C3533-84CC-4488-8CCC-6AA9A889B15B}.Debug|Any CPU.ActiveCfg = Debug|Any CPU
		{7A7C3533-84CC-4488-8CCC-6AA9A889B15B}.Debug|Any CPU.Build.0 = Debug|Any CPU
		{7A7C3533-84CC-4488-8CCC-6AA9A889B15B}.Release|Any CPU.ActiveCfg = Release|Any CPU
		{7A7C3533-84CC-4488-8CCC-6AA9A889B15B}.Release|Any CPU.Build.0 = Release|Any CPU
	EndGlobalSection
	GlobalSection(SolutionProperties) = preSolution
		HideSolutionNode = FALSE
	EndGlobalSection
	GlobalSection(ExtensibilityGlobals) = postSolution
		SolutionGuid = {4DFDBC49-8720-4D34-9548-720FF25F0D93}
	EndGlobalSection
EndGlobal
